
Microsoft Visual Studio Solution File, Format Version 12.00
# Visual Studio Version 17
VisualStudioVersion = 17.1.32421.90
MinimumVisualStudioVersion = 10.0.40219.1
Project("{9A19103F-16F7-4668-BE54-9A1E7A4F7556}") = "UEExplorer", "UE Explorer\UEExplorer.csproj", "{C30CD5A3-BEA1-48FA-9EFA-A11CB7A03A94}"
	ProjectSection(ProjectDependencies) = postProject
		{7E45273F-434F-42FA-8269-0E760AEB41E1} = {7E45273F-434F-42FA-8269-0E760AEB41E1}
	EndProjectSection
EndProject
Project("{9A19103F-16F7-4668-BE54-9A1E7A4F7556}") = "Eliot.UELib", "UELib\src\Eliot.UELib.csproj", "{7E45273F-434F-42FA-8269-0E760AEB41E1}"
EndProject
Project("{9A19103F-16F7-4668-BE54-9A1E7A4F7556}") = "Eliot.Extensions.ExecGenerator", "Eliot.Extensions.ExecGenerator\Eliot.Extensions.ExecGenerator.csproj", "{4FE66BD6-72D3-483D-9E47-AFE6066BE7C1}"
	ProjectSection(ProjectDependencies) = postProject
		{C30CD5A3-BEA1-48FA-9EFA-A11CB7A03A94} = {C30CD5A3-BEA1-48FA-9EFA-A11CB7A03A94}
	EndProjectSection
EndProject
Project("{54435603-DBB4-11D2-8724-00A0C9A8B90C}") = "Setup", "Setup\Setup.vdproj", "{7167B940-B5A5-4434-825A-69510441E513}"
	ProjectSection(ProjectDependencies) = postProject
		{7E45273F-434F-42FA-8269-0E760AEB41E1} = {7E45273F-434F-42FA-8269-0E760AEB41E1}
		{FE7B4B6E-D050-4B66-AC12-3D28E4917D77} = {FE7B4B6E-D050-4B66-AC12-3D28E4917D77}
		{C240217D-9B6A-46D4-892F-12C64853F8AE} = {C240217D-9B6A-46D4-892F-12C64853F8AE}
		{4FE66BD6-72D3-483D-9E47-AFE6066BE7C1} = {4FE66BD6-72D3-483D-9E47-AFE6066BE7C1}
	EndProjectSection
EndProject
Project("{9A19103F-16F7-4668-BE54-9A1E7A4F7556}") = "Eliot.Utilities", "Eliot.Utilities\Eliot.Utilities.csproj", "{C240217D-9B6A-46D4-892F-12C64853F8AE}"
EndProject
Project("{9A19103F-16F7-4668-BE54-9A1E7A4F7556}") = "Eliot.Extensions.NTLGenerator", "Eliot.Extensions.NativesTableListGenerator\Eliot.Extensions.NTLGenerator.csproj", "{FE7B4B6E-D050-4B66-AC12-3D28E4917D77}"
EndProject
Project("{FAE04EC0-301F-11D3-BF4B-00C04F79EFBC}") = "Eliot.UELib.Test", "UELib\Test\Eliot.UELib.Test.csproj", "{421D7D80-1CD6-47FA-9667-1CBFFEFD5E53}"
EndProject
Project("{FAE04EC0-301F-11D3-BF4B-00C04F79EFBC}") = "Eliot.UELib.Benchmark", "UELib\Benchmark\Eliot.UELib.Benchmark.csproj", "{F8060F16-BA22-47A2-8976-AB6280CF0C61}"
EndProject
Project("{2150E333-8FDC-42A3-9474-1A3956D46DE8}") = "UELib", "UELib", "{D210715F-2144-E4AC-4943-1D612D7DCF5A}"
EndProject
Project("{2150E333-8FDC-42A3-9474-1A3956D46DE8}") = "MCP", "MCP", "{F8E46460-9BD4-2F49-3137-3D80E95081DE}"
EndProject
Project("{FAE04EC0-301F-11D3-BF4B-00C04F79EFBC}") = "Eliot.UELib.MCP", "UELib\MCP\Eliot.UELib.MCP.csproj", "{4CF8ADB1-1BA1-42D2-B47A-4B0C9B21CC0D}"
EndProject
Project("{2150E333-8FDC-42A3-9474-1A3956D46DE8}") = "MCP.Test", "MCP.Test", "{7394EFD6-4DA0-B330-9583-9193926AF258}"
EndProject
Project("{FAE04EC0-301F-11D3-BF4B-00C04F79EFBC}") = "Eliot.UELib.MCP.Test", "UELib\MCP.Test\Eliot.UELib.MCP.Test.csproj", "{BB567E89-2A16-4E5F-9E6D-C0E6B2E0BD2C}"
EndProject
Global
	GlobalSection(SolutionConfigurationPlatforms) = preSolution
		Debug|Any CPU = Debug|Any CPU
		Debug|Mixed Platforms = Debug|Mixed Platforms
		Debug|x64 = Debug|x64
		Debug|x86 = Debug|x86
		Release|Any CPU = Release|Any CPU
		Release|Mixed Platforms = Release|Mixed Platforms
		Release|x64 = Release|x64
		Release|x86 = Release|x86
	EndGlobalSection
	GlobalSection(ProjectConfigurationPlatforms) = postSolution
		{C30CD5A3-BEA1-48FA-9EFA-A11CB7A03A94}.Debug|Any CPU.ActiveCfg = Debug|Any CPU
		{C30CD5A3-BEA1-48FA-9EFA-A11CB7A03A94}.Debug|Any CPU.Build.0 = Debug|Any CPU
		{C30CD5A3-BEA1-48FA-9EFA-A11CB7A03A94}.Debug|Mixed Platforms.ActiveCfg = Debug|x86
		{C30CD5A3-BEA1-48FA-9EFA-A11CB7A03A94}.Debug|Mixed Platforms.Build.0 = Debug|x86
		{C30CD5A3-BEA1-48FA-9EFA-A11CB7A03A94}.Debug|x64.ActiveCfg = Debug|x64
		{C30CD5A3-BEA1-48FA-9EFA-A11CB7A03A94}.Debug|x64.Build.0 = Debug|x64
		{C30CD5A3-BEA1-48FA-9EFA-A11CB7A03A94}.Debug|x86.ActiveCfg = Debug|x86
		{C30CD5A3-BEA1-48FA-9EFA-A11CB7A03A94}.Debug|x86.Build.0 = Debug|x86
		{C30CD5A3-BEA1-48FA-9EFA-A11CB7A03A94}.Release|Any CPU.ActiveCfg = Release|Any CPU
		{C30CD5A3-BEA1-48FA-9EFA-A11CB7A03A94}.Release|Any CPU.Build.0 = Release|Any CPU
		{C30CD5A3-BEA1-48FA-9EFA-A11CB7A03A94}.Release|Mixed Platforms.ActiveCfg = Release|x86
		{C30CD5A3-BEA1-48FA-9EFA-A11CB7A03A94}.Release|Mixed Platforms.Build.0 = Release|x86
		{C30CD5A3-BEA1-48FA-9EFA-A11CB7A03A94}.Release|x64.ActiveCfg = Release|x64
		{C30CD5A3-BEA1-48FA-9EFA-A11CB7A03A94}.Release|x64.Build.0 = Release|x64
		{C30CD5A3-BEA1-48FA-9EFA-A11CB7A03A94}.Release|x86.ActiveCfg = Release|x86
		{C30CD5A3-BEA1-48FA-9EFA-A11CB7A03A94}.Release|x86.Build.0 = Release|x86
		{7E45273F-434F-42FA-8269-0E760AEB41E1}.Debug|Any CPU.ActiveCfg = Debug|Any CPU
		{7E45273F-434F-42FA-8269-0E760AEB41E1}.Debug|Any CPU.Build.0 = Debug|Any CPU
		{7E45273F-434F-42FA-8269-0E760AEB41E1}.Debug|Mixed Platforms.ActiveCfg = Debug|Any CPU
		{7E45273F-434F-42FA-8269-0E760AEB41E1}.Debug|Mixed Platforms.Build.0 = Debug|Any CPU
		{7E45273F-434F-42FA-8269-0E760AEB41E1}.Debug|x64.ActiveCfg = Debug|x64
		{7E45273F-434F-42FA-8269-0E760AEB41E1}.Debug|x64.Build.0 = Debug|x64
		{7E45273F-434F-42FA-8269-0E760AEB41E1}.Debug|x86.ActiveCfg = Debug|Any CPU
		{7E45273F-434F-42FA-8269-0E760AEB41E1}.Release|Any CPU.ActiveCfg = Release|Any CPU
		{7E45273F-434F-42FA-8269-0E760AEB41E1}.Release|Any CPU.Build.0 = Release|Any CPU
		{7E45273F-434F-42FA-8269-0E760AEB41E1}.Release|Mixed Platforms.ActiveCfg = Release|Any CPU
		{7E45273F-434F-42FA-8269-0E760AEB41E1}.Release|Mixed Platforms.Build.0 = Release|Any CPU
		{7E45273F-434F-42FA-8269-0E760AEB41E1}.Release|x64.ActiveCfg = Release|x64
		{7E45273F-434F-42FA-8269-0E760AEB41E1}.Release|x64.Build.0 = Release|x64
		{7E45273F-434F-42FA-8269-0E760AEB41E1}.Release|x86.ActiveCfg = Release|Any CPU
		{4FE66BD6-72D3-483D-9E47-AFE6066BE7C1}.Debug|Any CPU.ActiveCfg = Debug|Any CPU
		{4FE66BD6-72D3-483D-9E47-AFE6066BE7C1}.Debug|Any CPU.Build.0 = Debug|Any CPU
		{4FE66BD6-72D3-483D-9E47-AFE6066BE7C1}.Debug|Mixed Platforms.ActiveCfg = Debug|Any CPU
		{4FE66BD6-72D3-483D-9E47-AFE6066BE7C1}.Debug|Mixed Platforms.Build.0 = Debug|Any CPU
		{4FE66BD6-72D3-483D-9E47-AFE6066BE7C1}.Debug|x64.ActiveCfg = Debug|x64
		{4FE66BD6-72D3-483D-9E47-AFE6066BE7C1}.Debug|x64.Build.0 = Debug|x64
		{4FE66BD6-72D3-483D-9E47-AFE6066BE7C1}.Debug|x86.ActiveCfg = Debug|Any CPU
		{4FE66BD6-72D3-483D-9E47-AFE6066BE7C1}.Release|Any CPU.ActiveCfg = Release|Any CPU
		{4FE66BD6-72D3-483D-9E47-AFE6066BE7C1}.Release|Any CPU.Build.0 = Release|Any CPU
		{4FE66BD6-72D3-483D-9E47-AFE6066BE7C1}.Release|Mixed Platforms.ActiveCfg = Release|Any CPU
		{4FE66BD6-72D3-483D-9E47-AFE6066BE7C1}.Release|Mixed Platforms.Build.0 = Release|Any CPU
		{4FE66BD6-72D3-483D-9E47-AFE6066BE7C1}.Release|x64.ActiveCfg = Release|x64
		{4FE66BD6-72D3-483D-9E47-AFE6066BE7C1}.Release|x64.Build.0 = Release|x64
		{4FE66BD6-72D3-483D-9E47-AFE6066BE7C1}.Release|x86.ActiveCfg = Release|Any CPU
		{7167B940-B5A5-4434-825A-69510441E513}.Debug|Any CPU.ActiveCfg = Debug|Any CPU
		{7167B940-B5A5-4434-825A-69510441E513}.Debug|Mixed Platforms.ActiveCfg = Debug|Mixed Platforms
		{7167B940-B5A5-4434-825A-69510441E513}.Debug|x64.ActiveCfg = Debug|x64
		{7167B940-B5A5-4434-825A-69510441E513}.Debug|x86.ActiveCfg = Debug|x86
		{7167B940-B5A5-4434-825A-69510441E513}.Release|Any CPU.ActiveCfg = Release|Any CPU
		{7167B940-B5A5-4434-825A-69510441E513}.Release|Mixed Platforms.ActiveCfg = Release|Mixed Platforms
		{7167B940-B5A5-4434-825A-69510441E513}.Release|x64.ActiveCfg = Release|x64
		{7167B940-B5A5-4434-825A-69510441E513}.Release|x86.ActiveCfg = Release|x86
		{C240217D-9B6A-46D4-892F-12C64853F8AE}.Debug|Any CPU.ActiveCfg = Debug|Any CPU
		{C240217D-9B6A-46D4-892F-12C64853F8AE}.Debug|Any CPU.Build.0 = Debug|Any CPU
		{C240217D-9B6A-46D4-892F-12C64853F8AE}.Debug|Mixed Platforms.ActiveCfg = Debug|Any CPU
		{C240217D-9B6A-46D4-892F-12C64853F8AE}.Debug|Mixed Platforms.Build.0 = Debug|Any CPU
		{C240217D-9B6A-46D4-892F-12C64853F8AE}.Debug|x64.ActiveCfg = Debug|x64
		{C240217D-9B6A-46D4-892F-12C64853F8AE}.Debug|x64.Build.0 = Debug|x64
		{C240217D-9B6A-46D4-892F-12C64853F8AE}.Debug|x86.ActiveCfg = Debug|Any CPU
		{C240217D-9B6A-46D4-892F-12C64853F8AE}.Release|Any CPU.ActiveCfg = Release|Any CPU
		{C240217D-9B6A-46D4-892F-12C64853F8AE}.Release|Any CPU.Build.0 = Release|Any CPU
		{C240217D-9B6A-46D4-892F-12C64853F8AE}.Release|Mixed Platforms.ActiveCfg = Release|Any CPU
		{C240217D-9B6A-46D4-892F-12C64853F8AE}.Release|Mixed Platforms.Build.0 = Release|Any CPU
		{C240217D-9B6A-46D4-892F-12C64853F8AE}.Release|x64.ActiveCfg = Release|x64
		{C240217D-9B6A-46D4-892F-12C64853F8AE}.Release|x64.Build.0 = Release|x64
		{C240217D-9B6A-46D4-892F-12C64853F8AE}.Release|x86.ActiveCfg = Release|Any CPU
		{FE7B4B6E-D050-4B66-AC12-3D28E4917D77}.Debug|Any CPU.ActiveCfg = Debug|Any CPU
		{FE7B4B6E-D050-4B66-AC12-3D28E4917D77}.Debug|Any CPU.Build.0 = Debug|Any CPU
		{FE7B4B6E-D050-4B66-AC12-3D28E4917D77}.Debug|Mixed Platforms.ActiveCfg = Debug|Any CPU
		{FE7B4B6E-D050-4B66-AC12-3D28E4917D77}.Debug|Mixed Platforms.Build.0 = Debug|Any CPU
		{FE7B4B6E-D050-4B66-AC12-3D28E4917D77}.Debug|x64.ActiveCfg = Debug|x64
		{FE7B4B6E-D050-4B66-AC12-3D28E4917D77}.Debug|x64.Build.0 = Debug|x64
		{FE7B4B6E-D050-4B66-AC12-3D28E4917D77}.Debug|x86.ActiveCfg = Debug|Any CPU
		{FE7B4B6E-D050-4B66-AC12-3D28E4917D77}.Release|Any CPU.ActiveCfg = Release|Any CPU
		{FE7B4B6E-D050-4B66-AC12-3D28E4917D77}.Release|Any CPU.Build.0 = Release|Any CPU
		{FE7B4B6E-D050-4B66-AC12-3D28E4917D77}.Release|Mixed Platforms.ActiveCfg = Release|Any CPU
		{FE7B4B6E-D050-4B66-AC12-3D28E4917D77}.Release|Mixed Platforms.Build.0 = Release|Any CPU
		{FE7B4B6E-D050-4B66-AC12-3D28E4917D77}.Release|x64.ActiveCfg = Release|x64
		{FE7B4B6E-D050-4B66-AC12-3D28E4917D77}.Release|x64.Build.0 = Release|x64
		{FE7B4B6E-D050-4B66-AC12-3D28E4917D77}.Release|x86.ActiveCfg = Release|Any CPU
		{421D7D80-1CD6-47FA-9667-1CBFFEFD5E53}.Debug|Any CPU.ActiveCfg = Debug|Any CPU
		{421D7D80-1CD6-47FA-9667-1CBFFEFD5E53}.Debug|Any CPU.Build.0 = Debug|Any CPU
		{421D7D80-1CD6-47FA-9667-1CBFFEFD5E53}.Debug|Mixed Platforms.ActiveCfg = Debug|Any CPU
		{421D7D80-1CD6-47FA-9667-1CBFFEFD5E53}.Debug|Mixed Platforms.Build.0 = Debug|Any CPU
		{421D7D80-1CD6-47FA-9667-1CBFFEFD5E53}.Debug|x64.ActiveCfg = Debug|x64
		{421D7D80-1CD6-47FA-9667-1CBFFEFD5E53}.Debug|x64.Build.0 = Debug|x64
		{421D7D80-1CD6-47FA-9667-1CBFFEFD5E53}.Debug|x86.ActiveCfg = Debug|Any CPU
		{421D7D80-1CD6-47FA-9667-1CBFFEFD5E53}.Debug|x86.Build.0 = Debug|Any CPU
		{421D7D80-1CD6-47FA-9667-1CBFFEFD5E53}.Release|Any CPU.ActiveCfg = Release|Any CPU
		{421D7D80-1CD6-47FA-9667-1CBFFEFD5E53}.Release|Any CPU.Build.0 = Release|Any CPU
		{421D7D80-1CD6-47FA-9667-1CBFFEFD5E53}.Release|Mixed Platforms.ActiveCfg = Release|Any CPU
		{421D7D80-1CD6-47FA-9667-1CBFFEFD5E53}.Release|Mixed Platforms.Build.0 = Release|Any CPU
		{421D7D80-1CD6-47FA-9667-1CBFFEFD5E53}.Release|x64.ActiveCfg = Release|x64
		{421D7D80-1CD6-47FA-9667-1CBFFEFD5E53}.Release|x64.Build.0 = Release|x64
		{421D7D80-1CD6-47FA-9667-1CBFFEFD5E53}.Release|x86.ActiveCfg = Release|Any CPU
		{421D7D80-1CD6-47FA-9667-1CBFFEFD5E53}.Release|x86.Build.0 = Release|Any CPU
		{F8060F16-BA22-47A2-8976-AB6280CF0C61}.Debug|Any CPU.ActiveCfg = Debug|Any CPU
		{F8060F16-BA22-47A2-8976-AB6280CF0C61}.Debug|Any CPU.Build.0 = Debug|Any CPU
		{F8060F16-BA22-47A2-8976-AB6280CF0C61}.Debug|Mixed Platforms.ActiveCfg = Debug|Any CPU
		{F8060F16-BA22-47A2-8976-AB6280CF0C61}.Debug|Mixed Platforms.Build.0 = Debug|Any CPU
		{F8060F16-BA22-47A2-8976-AB6280CF0C61}.Debug|x64.ActiveCfg = Debug|x64
		{F8060F16-BA22-47A2-8976-AB6280CF0C61}.Debug|x64.Build.0 = Debug|x64
		{F8060F16-BA22-47A2-8976-AB6280CF0C61}.Debug|x86.ActiveCfg = Debug|Any CPU
		{F8060F16-BA22-47A2-8976-AB6280CF0C61}.Debug|x86.Build.0 = Debug|Any CPU
		{F8060F16-BA22-47A2-8976-AB6280CF0C61}.Release|Any CPU.ActiveCfg = Release|Any CPU
		{F8060F16-BA22-47A2-8976-AB6280CF0C61}.Release|Any CPU.Build.0 = Release|Any CPU
		{F8060F16-BA22-47A2-8976-AB6280CF0C61}.Release|Mixed Platforms.ActiveCfg = Release|Any CPU
		{F8060F16-BA22-47A2-8976-AB6280CF0C61}.Release|Mixed Platforms.Build.0 = Release|Any CPU
		{F8060F16-BA22-47A2-8976-AB6280CF0C61}.Release|x64.ActiveCfg = Release|x64
		{F8060F16-BA22-47A2-8976-AB6280CF0C61}.Release|x64.Build.0 = Release|x64
		{F8060F16-BA22-47A2-8976-AB6280CF0C61}.Release|x86.ActiveCfg = Release|Any CPU
		{F8060F16-BA22-47A2-8976-AB6280CF0C61}.Release|x86.Build.0 = Release|Any CPU
		{4CF8ADB1-1BA1-42D2-B47A-4B0C9B21CC0D}.Debug|Any CPU.ActiveCfg = Debug|Any CPU
		{4CF8ADB1-1BA1-42D2-B47A-4B0C9B21CC0D}.Debug|Any CPU.Build.0 = Debug|Any CPU
		{4CF8ADB1-1BA1-42D2-B47A-4B0C9B21CC0D}.Debug|Mixed Platforms.ActiveCfg = Debug|Any CPU
		{4CF8ADB1-1BA1-42D2-B47A-4B0C9B21CC0D}.Debug|Mixed Platforms.Build.0 = Debug|Any CPU
		{4CF8ADB1-1BA1-42D2-B47A-4B0C9B21CC0D}.Debug|x64.ActiveCfg = Debug|Any CPU
		{4CF8ADB1-1BA1-42D2-B47A-4B0C9B21CC0D}.Debug|x64.Build.0 = Debug|Any CPU
		{4CF8ADB1-1BA1-42D2-B47A-4B0C9B21CC0D}.Debug|x86.ActiveCfg = Debug|Any CPU
		{4CF8ADB1-1BA1-42D2-B47A-4B0C9B21CC0D}.Debug|x86.Build.0 = Debug|Any CPU
		{4CF8ADB1-1BA1-42D2-B47A-4B0C9B21CC0D}.Release|Any CPU.ActiveCfg = Release|Any CPU
		{4CF8ADB1-1BA1-42D2-B47A-4B0C9B21CC0D}.Release|Any CPU.Build.0 = Release|Any CPU
		{4CF8ADB1-1BA1-42D2-B47A-4B0C9B21CC0D}.Release|Mixed Platforms.ActiveCfg = Release|Any CPU
		{4CF8ADB1-1BA1-42D2-B47A-4B0C9B21CC0D}.Release|Mixed Platforms.Build.0 = Release|Any CPU
		{4CF8ADB1-1BA1-42D2-B47A-4B0C9B21CC0D}.Release|x64.ActiveCfg = Release|Any CPU
		{4CF8ADB1-1BA1-42D2-B47A-4B0C9B21CC0D}.Release|x64.Build.0 = Release|Any CPU
		{4CF8ADB1-1BA1-42D2-B47A-4B0C9B21CC0D}.Release|x86.ActiveCfg = Release|Any CPU
		{4CF8ADB1-1BA1-42D2-B47A-4B0C9B21CC0D}.Release|x86.Build.0 = Release|Any CPU
		{BB567E89-2A16-4E5F-9E6D-C0E6B2E0BD2C}.Debug|Any CPU.ActiveCfg = Debug|Any CPU
		{BB567E89-2A16-4E5F-9E6D-C0E6B2E0BD2C}.Debug|Any CPU.Build.0 = Debug|Any CPU
		{BB567E89-2A16-4E5F-9E6D-C0E6B2E0BD2C}.Debug|Mixed Platforms.ActiveCfg = Debug|Any CPU
		{BB567E89-2A16-4E5F-9E6D-C0E6B2E0BD2C}.Debug|Mixed Platforms.Build.0 = Debug|Any CPU
		{BB567E89-2A16-4E5F-9E6D-C0E6B2E0BD2C}.Debug|x64.ActiveCfg = Debug|Any CPU
		{BB567E89-2A16-4E5F-9E6D-C0E6B2E0BD2C}.Debug|x64.Build.0 = Debug|Any CPU
		{BB567E89-2A16-4E5F-9E6D-C0E6B2E0BD2C}.Debug|x86.ActiveCfg = Debug|Any CPU
		{BB567E89-2A16-4E5F-9E6D-C0E6B2E0BD2C}.Debug|x86.Build.0 = Debug|Any CPU
		{BB567E89-2A16-4E5F-9E6D-C0E6B2E0BD2C}.Release|Any CPU.ActiveCfg = Release|Any CPU
		{BB567E89-2A16-4E5F-9E6D-C0E6B2E0BD2C}.Release|Any CPU.Build.0 = Release|Any CPU
		{BB567E89-2A16-4E5F-9E6D-C0E6B2E0BD2C}.Release|Mixed Platforms.ActiveCfg = Release|Any CPU
		{BB567E89-2A16-4E5F-9E6D-C0E6B2E0BD2C}.Release|Mixed Platforms.Build.0 = Release|Any CPU
		{BB567E89-2A16-4E5F-9E6D-C0E6B2E0BD2C}.Release|x64.ActiveCfg = Release|Any CPU
		{BB567E89-2A16-4E5F-9E6D-C0E6B2E0BD2C}.Release|x64.Build.0 = Release|Any CPU
		{BB567E89-2A16-4E5F-9E6D-C0E6B2E0BD2C}.Release|x86.ActiveCfg = Release|Any CPU
		{BB567E89-2A16-4E5F-9E6D-C0E6B2E0BD2C}.Release|x86.Build.0 = Release|Any CPU
	EndGlobalSection
	GlobalSection(SolutionProperties) = preSolution
		HideSolutionNode = FALSE
	EndGlobalSection
	GlobalSection(NestedProjects) = preSolution
		{F8E46460-9BD4-2F49-3137-3D80E95081DE} = {D210715F-2144-E4AC-4943-1D612D7DCF5A}
		{4CF8ADB1-1BA1-42D2-B47A-4B0C9B21CC0D} = {F8E46460-9BD4-2F49-3137-3D80E95081DE}
		{7394EFD6-4DA0-B330-9583-9193926AF258} = {D210715F-2144-E4AC-4943-1D612D7DCF5A}
		{BB567E89-2A16-4E5F-9E6D-C0E6B2E0BD2C} = {7394EFD6-4DA0-B330-9583-9193926AF258}
	EndGlobalSection
	GlobalSection(ExtensibilityGlobals) = postSolution
		SolutionGuid = {98A15717-22A9-4E71-B070-BBDB22769A97}
		BuildVersion_UpdateAssemblyVersion = True
	EndGlobalSection
EndGlobal
